
Microsoft Visual Studio Solution File, Format Version 12.00
# Visual Studio Version 16
VisualStudioVersion = 16.0.30406.217
MinimumVisualStudioVersion = 10.0.40219.1
Project("{FAE04EC0-301F-11D3-BF4B-00C04F79EFBC}") = "WebApp90311", "WebApp90311\WebApp90311.csproj", "{60EDA91C-C28E-4EC9-8ED9-9089825E600F}"
EndProject
Global
	GlobalSection(SolutionConfigurationPlatforms) = preSolution
		Debug|Any CPU = Debug|Any CPU
		Release|Any CPU = Release|Any CPU
	EndGlobalSection
	GlobalSection(ProjectConfigurationPlatforms) = postSolution
		{60EDA91C-C28E-4EC9-8ED9-9089825E600F}.Debug|Any CPU.ActiveCfg = Debug|Any CPU
		{60EDA91C-C28E-4EC9-8ED9-9089825E600F}.Debug|Any CPU.Build.0 = Debug|Any CPU
		{60EDA91C-C28E-4EC9-8ED9-9089825E600F}.Release|Any CPU.ActiveCfg = Release|Any CPU
		{60EDA91C-C28E-4EC9-8ED9-9089825E600F}.Release|Any CPU.Build.0 = Release|Any CPU
	EndGlobalSection
	GlobalSection(SolutionProperties) = preSolution
		HideSolutionNode = FALSE
	EndGlobalSection
	GlobalSection(ExtensibilityGlobals) = postSolution
		SolutionGuid = {3A7AAC7D-DBCF-4888-AB92-88487CC5D706}
	EndGlobalSection
EndGlobal
